// !$*UTF8*$!
{
	archiveVersion = 1;
	classes = {
	};
	objectVersion = 46;
	objects = {

/* Begin PBXBuildFile section */
		9E0C30CF1BAF01C200A185FD /* UILayerView.swift in Sources */ = {isa = PBXBuildFile; fileRef = 9E0C30CE1BAF01C200A185FD /* UILayerView.swift */; settings = {ASSET_TAGS = (); }; };
		9E0C30D01BAF01C200A185FD /* UILayerView.swift in Sources */ = {isa = PBXBuildFile; fileRef = 9E0C30CE1BAF01C200A185FD /* UILayerView.swift */; settings = {ASSET_TAGS = (); }; };
		9E0C30D31BAF020A00A185FD /* GameScene.swift in Sources */ = {isa = PBXBuildFile; fileRef = 9E0C30D11BAF020A00A185FD /* GameScene.swift */; settings = {ASSET_TAGS = (); }; };
		9E0C30D41BAF020A00A185FD /* GameScene.swift in Sources */ = {isa = PBXBuildFile; fileRef = 9E0C30D11BAF020A00A185FD /* GameScene.swift */; settings = {ASSET_TAGS = (); }; };
		9E0C30D51BAF020A00A185FD /* GameViewController.swift in Sources */ = {isa = PBXBuildFile; fileRef = 9E0C30D21BAF020A00A185FD /* GameViewController.swift */; settings = {ASSET_TAGS = (); }; };
		9E0C30D61BAF020A00A185FD /* GameViewController.swift in Sources */ = {isa = PBXBuildFile; fileRef = 9E0C30D21BAF020A00A185FD /* GameViewController.swift */; settings = {ASSET_TAGS = (); }; };
		9E0C30D91BAF06F200A185FD /* OralPieceMap.swift in Sources */ = {isa = PBXBuildFile; fileRef = 9E0C30D71BAF06F200A185FD /* OralPieceMap.swift */; settings = {ASSET_TAGS = (); }; };
		9E0C30DA1BAF06F200A185FD /* OralPieceMap.swift in Sources */ = {isa = PBXBuildFile; fileRef = 9E0C30D71BAF06F200A185FD /* OralPieceMap.swift */; settings = {ASSET_TAGS = (); }; };
		9E0C30DB1BAF06F200A185FD /* PieceStatus.swift in Sources */ = {isa = PBXBuildFile; fileRef = 9E0C30D81BAF06F200A185FD /* PieceStatus.swift */; settings = {ASSET_TAGS = (); }; };
		9E0C30DC1BAF06F200A185FD /* PieceStatus.swift in Sources */ = {isa = PBXBuildFile; fileRef = 9E0C30D81BAF06F200A185FD /* PieceStatus.swift */; settings = {ASSET_TAGS = (); }; };
		9EA7208C1BA711DE00025EC0 /* itemlist.css in Resources */ = {isa = PBXBuildFile; fileRef = 9EA7208A1BA711DE00025EC0 /* itemlist.css */; };
		9EA7208D1BA711DE00025EC0 /* itemlist.js in Resources */ = {isa = PBXBuildFile; fileRef = 9EA7208B1BA711DE00025EC0 /* itemlist.js */; };
		9EA720901BA711F100025EC0 /* bacterialist.css in Resources */ = {isa = PBXBuildFile; fileRef = 9EA7208E1BA711F100025EC0 /* bacterialist.css */; };
		9EA720911BA711F100025EC0 /* bacterialist.js in Resources */ = {isa = PBXBuildFile; fileRef = 9EA7208F1BA711F100025EC0 /* bacterialist.js */; };
		9EAE65631BB7830800657CEA /* backtooth01.png in Resources */ = {isa = PBXBuildFile; fileRef = 9EAE65621BB7830800657CEA /* backtooth01.png */; settings = {ASSET_TAGS = (); }; };
		D35622451B8E0981005BA000 /* AppDelegate.swift in Sources */ = {isa = PBXBuildFile; fileRef = D35622441B8E0981005BA000 /* AppDelegate.swift */; };
		D356224E1B8E0981005BA000 /* Main.storyboard in Resources */ = {isa = PBXBuildFile; fileRef = D356224C1B8E0981005BA000 /* Main.storyboard */; };
		D35622501B8E0981005BA000 /* Images.xcassets in Resources */ = {isa = PBXBuildFile; fileRef = D356224F1B8E0981005BA000 /* Images.xcassets */; };
		D35622531B8E0981005BA000 /* LaunchScreen.xib in Resources */ = {isa = PBXBuildFile; fileRef = D35622511B8E0981005BA000 /* LaunchScreen.xib */; };
		D356225F1B8E0981005BA000 /* OralWarTests.swift in Sources */ = {isa = PBXBuildFile; fileRef = D356225E1B8E0981005BA000 /* OralWarTests.swift */; };
		D3B14E6C1BA4ED92006E26A6 /* menu.css in Resources */ = {isa = PBXBuildFile; fileRef = D3B14E691BA4ED92006E26A6 /* menu.css */; };
		D3B14E6D1BA4ED92006E26A6 /* menu.html in Resources */ = {isa = PBXBuildFile; fileRef = D3B14E6A1BA4ED92006E26A6 /* menu.html */; };
		D3B14E6E1BA4ED92006E26A6 /* menu.js in Resources */ = {isa = PBXBuildFile; fileRef = D3B14E6B1BA4ED92006E26A6 /* menu.js */; };
		D3B14E711BA4EDAE006E26A6 /* bacterialist.html in Resources */ = {isa = PBXBuildFile; fileRef = D3B14E701BA4EDAE006E26A6 /* bacterialist.html */; };
		D3B14E741BA4EDC0006E26A6 /* itemlist.html in Resources */ = {isa = PBXBuildFile; fileRef = D3B14E731BA4EDC0006E26A6 /* itemlist.html */; };
		D3B14E761BA4F08A006E26A6 /* menu_bg.png in Resources */ = {isa = PBXBuildFile; fileRef = D3B14E751BA4F08A006E26A6 /* menu_bg.png */; };
		D3CDFDDD1BB44B3A00CC1D1E /* button.min.css in Resources */ = {isa = PBXBuildFile; fileRef = D3CDFDDB1BB44B3A00CC1D1E /* button.min.css */; settings = {ASSET_TAGS = (); }; };
		D3CDFDDE1BB44B3A00CC1D1E /* icon.min.css in Resources */ = {isa = PBXBuildFile; fileRef = D3CDFDDC1BB44B3A00CC1D1E /* icon.min.css */; settings = {ASSET_TAGS = (); }; };
		D3CDFDE41BB44C3600CC1D1E /* icons.eot in Resources */ = {isa = PBXBuildFile; fileRef = D3CDFDDF1BB44C3600CC1D1E /* icons.eot */; settings = {ASSET_TAGS = (); }; };
		D3CDFDE51BB44C3600CC1D1E /* icons.svg in Resources */ = {isa = PBXBuildFile; fileRef = D3CDFDE01BB44C3600CC1D1E /* icons.svg */; settings = {ASSET_TAGS = (); }; };
		D3CDFDE61BB44C3600CC1D1E /* icons.ttf in Resources */ = {isa = PBXBuildFile; fileRef = D3CDFDE11BB44C3600CC1D1E /* icons.ttf */; settings = {ASSET_TAGS = (); }; };
		D3CDFDE71BB44C3600CC1D1E /* icons.woff in Resources */ = {isa = PBXBuildFile; fileRef = D3CDFDE21BB44C3600CC1D1E /* icons.woff */; settings = {ASSET_TAGS = (); }; };
		D3CDFDE81BB44C3600CC1D1E /* icons.woff2 in Resources */ = {isa = PBXBuildFile; fileRef = D3CDFDE31BB44C3600CC1D1E /* icons.woff2 */; settings = {ASSET_TAGS = (); }; };
		D3EF66381B8F635100BB36A5 /* MenuViewController.swift in Sources */ = {isa = PBXBuildFile; fileRef = D3EF66371B8F635100BB36A5 /* MenuViewController.swift */; };
		D3EF66391B8F635100BB36A5 /* MenuViewController.swift in Sources */ = {isa = PBXBuildFile; fileRef = D3EF66371B8F635100BB36A5 /* MenuViewController.swift */; };
/* End PBXBuildFile section */

/* Begin PBXContainerItemProxy section */
		D35622591B8E0981005BA000 /* PBXContainerItemProxy */ = {
			isa = PBXContainerItemProxy;
			containerPortal = D35622371B8E0981005BA000 /* Project object */;
			proxyType = 1;
			remoteGlobalIDString = D356223E1B8E0981005BA000;
			remoteInfo = OralWar;
		};
/* End PBXContainerItemProxy section */

/* Begin PBXFileReference section */
		9E0C30CE1BAF01C200A185FD /* UILayerView.swift */ = {isa = PBXFileReference; fileEncoding = 4; lastKnownFileType = sourcecode.swift; name = UILayerView.swift; path = Game/UILayerView.swift; sourceTree = "<group>"; };
		9E0C30D11BAF020A00A185FD /* GameScene.swift */ = {isa = PBXFileReference; fileEncoding = 4; lastKnownFileType = sourcecode.swift; name = GameScene.swift; path = Game/GameScene.swift; sourceTree = "<group>"; };
		9E0C30D21BAF020A00A185FD /* GameViewController.swift */ = {isa = PBXFileReference; fileEncoding = 4; lastKnownFileType = sourcecode.swift; name = GameViewController.swift; path = Game/GameViewController.swift; sourceTree = "<group>"; };
		9E0C30D71BAF06F200A185FD /* OralPieceMap.swift */ = {isa = PBXFileReference; fileEncoding = 4; lastKnownFileType = sourcecode.swift; name = OralPieceMap.swift; path = System/OralPieceMap.swift; sourceTree = "<group>"; };
		9E0C30D81BAF06F200A185FD /* PieceStatus.swift */ = {isa = PBXFileReference; fileEncoding = 4; lastKnownFileType = sourcecode.swift; name = PieceStatus.swift; path = System/PieceStatus.swift; sourceTree = "<group>"; };
		9EA7208A1BA711DE00025EC0 /* itemlist.css */ = {isa = PBXFileReference; fileEncoding = 4; lastKnownFileType = text.css; name = itemlist.css; path = www/itemlist/itemlist.css; sourceTree = "<group>"; };
		9EA7208B1BA711DE00025EC0 /* itemlist.js */ = {isa = PBXFileReference; fileEncoding = 4; lastKnownFileType = sourcecode.javascript; name = itemlist.js; path = www/itemlist/itemlist.js; sourceTree = "<group>"; };
		9EA7208E1BA711F100025EC0 /* bacterialist.css */ = {isa = PBXFileReference; fileEncoding = 4; lastKnownFileType = text.css; name = bacterialist.css; path = www/bacterialist/bacterialist.css; sourceTree = "<group>"; };
		9EA7208F1BA711F100025EC0 /* bacterialist.js */ = {isa = PBXFileReference; fileEncoding = 4; lastKnownFileType = sourcecode.javascript; name = bacterialist.js; path = www/bacterialist/bacterialist.js; sourceTree = "<group>"; };
		9EAE65621BB7830800657CEA /* backtooth01.png */ = {isa = PBXFileReference; lastKnownFileType = image.png; name = backtooth01.png; path = res/backtooth01.png; sourceTree = "<group>"; };
		D356223F1B8E0981005BA000 /* OralWar.app */ = {isa = PBXFileReference; explicitFileType = wrapper.application; includeInIndex = 0; path = OralWar.app; sourceTree = BUILT_PRODUCTS_DIR; };
		D35622431B8E0981005BA000 /* Info.plist */ = {isa = PBXFileReference; lastKnownFileType = text.plist.xml; path = Info.plist; sourceTree = "<group>"; };
		D35622441B8E0981005BA000 /* AppDelegate.swift */ = {isa = PBXFileReference; lastKnownFileType = sourcecode.swift; path = AppDelegate.swift; sourceTree = "<group>"; };
		D356224D1B8E0981005BA000 /* Base */ = {isa = PBXFileReference; lastKnownFileType = file.storyboard; name = Base; path = Base.lproj/Main.storyboard; sourceTree = "<group>"; };
		D356224F1B8E0981005BA000 /* Images.xcassets */ = {isa = PBXFileReference; lastKnownFileType = folder.assetcatalog; path = Images.xcassets; sourceTree = "<group>"; };
		D35622521B8E0981005BA000 /* Base */ = {isa = PBXFileReference; lastKnownFileType = file.xib; name = Base; path = Base.lproj/LaunchScreen.xib; sourceTree = "<group>"; };
		D35622581B8E0981005BA000 /* OralWarTests.xctest */ = {isa = PBXFileReference; explicitFileType = wrapper.cfbundle; includeInIndex = 0; path = OralWarTests.xctest; sourceTree = BUILT_PRODUCTS_DIR; };
		D356225D1B8E0981005BA000 /* Info.plist */ = {isa = PBXFileReference; lastKnownFileType = text.plist.xml; path = Info.plist; sourceTree = "<group>"; };
		D356225E1B8E0981005BA000 /* OralWarTests.swift */ = {isa = PBXFileReference; lastKnownFileType = sourcecode.swift; path = OralWarTests.swift; sourceTree = "<group>"; };
		D3B14E691BA4ED92006E26A6 /* menu.css */ = {isa = PBXFileReference; fileEncoding = 4; lastKnownFileType = text.css; name = menu.css; path = www/menu/menu.css; sourceTree = "<group>"; };
		D3B14E6A1BA4ED92006E26A6 /* menu.html */ = {isa = PBXFileReference; fileEncoding = 4; lastKnownFileType = text.html; name = menu.html; path = www/menu/menu.html; sourceTree = "<group>"; };
		D3B14E6B1BA4ED92006E26A6 /* menu.js */ = {isa = PBXFileReference; fileEncoding = 4; lastKnownFileType = sourcecode.javascript; name = menu.js; path = www/menu/menu.js; sourceTree = "<group>"; };
		D3B14E701BA4EDAE006E26A6 /* bacterialist.html */ = {isa = PBXFileReference; fileEncoding = 4; lastKnownFileType = text.html; name = bacterialist.html; path = www/bacterialist/bacterialist.html; sourceTree = "<group>"; };
		D3B14E731BA4EDC0006E26A6 /* itemlist.html */ = {isa = PBXFileReference; fileEncoding = 4; lastKnownFileType = text.html; name = itemlist.html; path = www/itemlist/itemlist.html; sourceTree = "<group>"; };
		D3B14E751BA4F08A006E26A6 /* menu_bg.png */ = {isa = PBXFileReference; lastKnownFileType = image.png; name = menu_bg.png; path = www/menu/menu_bg.png; sourceTree = "<group>"; };
		D3CDFDDB1BB44B3A00CC1D1E /* button.min.css */ = {isa = PBXFileReference; fileEncoding = 4; lastKnownFileType = text.css; name = button.min.css; path = www/common/button.min.css; sourceTree = "<group>"; };
		D3CDFDDC1BB44B3A00CC1D1E /* icon.min.css */ = {isa = PBXFileReference; fileEncoding = 4; lastKnownFileType = text.css; name = icon.min.css; path = www/common/icon.min.css; sourceTree = "<group>"; };
		D3CDFDDF1BB44C3600CC1D1E /* icons.eot */ = {isa = PBXFileReference; lastKnownFileType = file; name = icons.eot; path = www/common/icons.eot; sourceTree = "<group>"; };
		D3CDFDE01BB44C3600CC1D1E /* icons.svg */ = {isa = PBXFileReference; fileEncoding = 4; lastKnownFileType = text.xml; name = icons.svg; path = www/common/icons.svg; sourceTree = "<group>"; };
		D3CDFDE11BB44C3600CC1D1E /* icons.ttf */ = {isa = PBXFileReference; lastKnownFileType = file; name = icons.ttf; path = www/common/icons.ttf; sourceTree = "<group>"; };
		D3CDFDE21BB44C3600CC1D1E /* icons.woff */ = {isa = PBXFileReference; lastKnownFileType = file; name = icons.woff; path = www/common/icons.woff; sourceTree = "<group>"; };
		D3CDFDE31BB44C3600CC1D1E /* icons.woff2 */ = {isa = PBXFileReference; lastKnownFileType = file; name = icons.woff2; path = www/common/icons.woff2; sourceTree = "<group>"; };
		D3EF66371B8F635100BB36A5 /* MenuViewController.swift */ = {isa = PBXFileReference; fileEncoding = 4; lastKnownFileType = sourcecode.swift; path = MenuViewController.swift; sourceTree = "<group>"; };
/* End PBXFileReference section */

/* Begin PBXFrameworksBuildPhase section */
		D356223C1B8E0981005BA000 /* Frameworks */ = {
			isa = PBXFrameworksBuildPhase;
			buildActionMask = 2147483647;
			files = (
			);
			runOnlyForDeploymentPostprocessing = 0;
		};
		D35622551B8E0981005BA000 /* Frameworks */ = {
			isa = PBXFrameworksBuildPhase;
			buildActionMask = 2147483647;
			files = (
			);
			runOnlyForDeploymentPostprocessing = 0;
		};
/* End PBXFrameworksBuildPhase section */

/* Begin PBXGroup section */
		D35622361B8E0981005BA000 = {
			isa = PBXGroup;
			children = (
				D35622411B8E0981005BA000 /* OralWar */,
				D356225B1B8E0981005BA000 /* OralWarTests */,
				D35622401B8E0981005BA000 /* Products */,
			);
			sourceTree = "<group>";
		};
		D35622401B8E0981005BA000 /* Products */ = {
			isa = PBXGroup;
			children = (
				D356223F1B8E0981005BA000 /* OralWar.app */,
				D35622581B8E0981005BA000 /* OralWarTests.xctest */,
			);
			name = Products;
			sourceTree = "<group>";
		};
		D35622411B8E0981005BA000 /* OralWar */ = {
			isa = PBXGroup;
			children = (
				D3D39F051B93662F0088A55F /* System */,
				D3EF663A1B8F63F700BB36A5 /* Game */,
				D35622441B8E0981005BA000 /* AppDelegate.swift */,
				D3EF66371B8F635100BB36A5 /* MenuViewController.swift */,
				D356224C1B8E0981005BA000 /* Main.storyboard */,
				D356224F1B8E0981005BA000 /* Images.xcassets */,
				D35622511B8E0981005BA000 /* LaunchScreen.xib */,
				D35622421B8E0981005BA000 /* Supporting Files */,
			);
			path = OralWar;
			sourceTree = "<group>";
		};
		D35622421B8E0981005BA000 /* Supporting Files */ = {
			isa = PBXGroup;
			children = (
				D3B14E671BA4ED79006E26A6 /* www */,
				D3B14E631BA4EB8B006E26A6 /* res */,
				D35622431B8E0981005BA000 /* Info.plist */,
			);
			name = "Supporting Files";
			sourceTree = "<group>";
		};
		D356225B1B8E0981005BA000 /* OralWarTests */ = {
			isa = PBXGroup;
			children = (
				D356225E1B8E0981005BA000 /* OralWarTests.swift */,
				D356225C1B8E0981005BA000 /* Supporting Files */,
			);
			path = OralWarTests;
			sourceTree = "<group>";
		};
		D356225C1B8E0981005BA000 /* Supporting Files */ = {
			isa = PBXGroup;
			children = (
				D356225D1B8E0981005BA000 /* Info.plist */,
			);
			name = "Supporting Files";
			sourceTree = "<group>";
		};
		D3B14E631BA4EB8B006E26A6 /* res */ = {
			isa = PBXGroup;
			children = (
				9EAE65621BB7830800657CEA /* backtooth01.png */,
			);
			name = res;
			sourceTree = "<group>";
		};
		D3B14E671BA4ED79006E26A6 /* www */ = {
			isa = PBXGroup;
			children = (
				D3CDFDDA1BB44B2300CC1D1E /* common */,
				D3B14E721BA4EDB2006E26A6 /* itemlist */,
				D3B14E6F1BA4ED9A006E26A6 /* bacterialist */,
				D3B14E681BA4ED7F006E26A6 /* menu */,
			);
			name = www;
			sourceTree = "<group>";
		};
		D3B14E681BA4ED7F006E26A6 /* menu */ = {
			isa = PBXGroup;
			children = (
				D3B14E751BA4F08A006E26A6 /* menu_bg.png */,
				D3B14E691BA4ED92006E26A6 /* menu.css */,
				D3B14E6A1BA4ED92006E26A6 /* menu.html */,
				D3B14E6B1BA4ED92006E26A6 /* menu.js */,
			);
			name = menu;
			sourceTree = "<group>";
		};
		D3B14E6F1BA4ED9A006E26A6 /* bacterialist */ = {
			isa = PBXGroup;
			children = (
				9EA7208E1BA711F100025EC0 /* bacterialist.css */,
				9EA7208F1BA711F100025EC0 /* bacterialist.js */,
				D3B14E701BA4EDAE006E26A6 /* bacterialist.html */,
			);
			name = bacterialist;
			sourceTree = "<group>";
		};
		D3B14E721BA4EDB2006E26A6 /* itemlist */ = {
			isa = PBXGroup;
			children = (
				9EA7208A1BA711DE00025EC0 /* itemlist.css */,
				9EA7208B1BA711DE00025EC0 /* itemlist.js */,
				D3B14E731BA4EDC0006E26A6 /* itemlist.html */,
			);
			name = itemlist;
			sourceTree = "<group>";
		};
		D3CDFDDA1BB44B2300CC1D1E /* common */ = {
			isa = PBXGroup;
			children = (
				D3CDFDDF1BB44C3600CC1D1E /* icons.eot */,
				D3CDFDE01BB44C3600CC1D1E /* icons.svg */,
				D3CDFDE11BB44C3600CC1D1E /* icons.ttf */,
				D3CDFDE21BB44C3600CC1D1E /* icons.woff */,
				D3CDFDE31BB44C3600CC1D1E /* icons.woff2 */,
				D3CDFDDB1BB44B3A00CC1D1E /* button.min.css */,
				D3CDFDDC1BB44B3A00CC1D1E /* icon.min.css */,
			);
			name = common;
			sourceTree = "<group>";
		};
		D3D39F051B93662F0088A55F /* System */ = {
			isa = PBXGroup;
			children = (
				9E0C30D71BAF06F200A185FD /* OralPieceMap.swift */,
				9E0C30D81BAF06F200A185FD /* PieceStatus.swift */,
			);
			name = System;
			sourceTree = "<group>";
		};
		D3EF663A1B8F63F700BB36A5 /* Game */ = {
			isa = PBXGroup;
			children = (
				9E0C30D11BAF020A00A185FD /* GameScene.swift */,
				9E0C30D21BAF020A00A185FD /* GameViewController.swift */,
				9E0C30CE1BAF01C200A185FD /* UILayerView.swift */,
			);
			name = Game;
			sourceTree = "<group>";
		};
/* End PBXGroup section */

/* Begin PBXNativeTarget section */
		D356223E1B8E0981005BA000 /* OralWar */ = {
			isa = PBXNativeTarget;
			buildConfigurationList = D35622621B8E0981005BA000 /* Build configuration list for PBXNativeTarget "OralWar" */;
			buildPhases = (
				D356223B1B8E0981005BA000 /* Sources */,
				D356223C1B8E0981005BA000 /* Frameworks */,
				D356223D1B8E0981005BA000 /* Resources */,
			);
			buildRules = (
			);
			dependencies = (
			);
			name = OralWar;
			productName = OralWar;
			productReference = D356223F1B8E0981005BA000 /* OralWar.app */;
			productType = "com.apple.product-type.application";
		};
		D35622571B8E0981005BA000 /* OralWarTests */ = {
			isa = PBXNativeTarget;
			buildConfigurationList = D35622651B8E0981005BA000 /* Build configuration list for PBXNativeTarget "OralWarTests" */;
			buildPhases = (
				D35622541B8E0981005BA000 /* Sources */,
				D35622551B8E0981005BA000 /* Frameworks */,
				D35622561B8E0981005BA000 /* Resources */,
			);
			buildRules = (
			);
			dependencies = (
				D356225A1B8E0981005BA000 /* PBXTargetDependency */,
			);
			name = OralWarTests;
			productName = OralWarTests;
			productReference = D35622581B8E0981005BA000 /* OralWarTests.xctest */;
			productType = "com.apple.product-type.bundle.unit-test";
		};
/* End PBXNativeTarget section */

/* Begin PBXProject section */
		D35622371B8E0981005BA000 /* Project object */ = {
			isa = PBXProject;
			attributes = {
				LastSwiftMigration = 0700;
				LastSwiftUpdateCheck = 0700;
				LastUpgradeCheck = 0640;
				ORGANIZATIONNAME = MrSmall;
				TargetAttributes = {
					D356223E1B8E0981005BA000 = {
						CreatedOnToolsVersion = 6.4;
					};
					D35622571B8E0981005BA000 = {
						CreatedOnToolsVersion = 6.4;
						TestTargetID = D356223E1B8E0981005BA000;
					};
				};
			};
			buildConfigurationList = D356223A1B8E0981005BA000 /* Build configuration list for PBXProject "OralWar" */;
			compatibilityVersion = "Xcode 3.2";
			developmentRegion = English;
			hasScannedForEncodings = 0;
			knownRegions = (
				en,
				Base,
			);
			mainGroup = D35622361B8E0981005BA000;
			productRefGroup = D35622401B8E0981005BA000 /* Products */;
			projectDirPath = "";
			projectRoot = "";
			targets = (
				D356223E1B8E0981005BA000 /* OralWar */,
				D35622571B8E0981005BA000 /* OralWarTests */,
			);
		};
/* End PBXProject section */

/* Begin PBXResourcesBuildPhase section */
		D356223D1B8E0981005BA000 /* Resources */ = {
			isa = PBXResourcesBuildPhase;
			buildActionMask = 2147483647;
			files = (
				D3B14E761BA4F08A006E26A6 /* menu_bg.png in Resources */,
				D3CDFDE81BB44C3600CC1D1E /* icons.woff2 in Resources */,
				D3B14E741BA4EDC0006E26A6 /* itemlist.html in Resources */,
				D3B14E6E1BA4ED92006E26A6 /* menu.js in Resources */,
				D3B14E6C1BA4ED92006E26A6 /* menu.css in Resources */,
				D3B14E711BA4EDAE006E26A6 /* bacterialist.html in Resources */,
				D35622531B8E0981005BA000 /* LaunchScreen.xib in Resources */,
				9EA720901BA711F100025EC0 /* bacterialist.css in Resources */,
				D3B14E6D1BA4ED92006E26A6 /* menu.html in Resources */,
				9EA7208D1BA711DE00025EC0 /* itemlist.js in Resources */,
				9EAE65631BB7830800657CEA /* backtooth01.png in Resources */,
				D3CDFDE51BB44C3600CC1D1E /* icons.svg in Resources */,
				D35622501B8E0981005BA000 /* Images.xcassets in Resources */,
				9EA7208C1BA711DE00025EC0 /* itemlist.css in Resources */,
				D3CDFDE41BB44C3600CC1D1E /* icons.eot in Resources */,
				D3CDFDE71BB44C3600CC1D1E /* icons.woff in Resources */,
				D3CDFDDD1BB44B3A00CC1D1E /* button.min.css in Resources */,
				D356224E1B8E0981005BA000 /* Main.storyboard in Resources */,
				9EA720911BA711F100025EC0 /* bacterialist.js in Resources */,
				D3CDFDDE1BB44B3A00CC1D1E /* icon.min.css in Resources */,
				D3CDFDE61BB44C3600CC1D1E /* icons.ttf in Resources */,
			);
			runOnlyForDeploymentPostprocessing = 0;
		};
		D35622561B8E0981005BA000 /* Resources */ = {
			isa = PBXResourcesBuildPhase;
			buildActionMask = 2147483647;
			files = (
			);
			runOnlyForDeploymentPostprocessing = 0;
		};
/* End PBXResourcesBuildPhase section */

/* Begin PBXSourcesBuildPhase section */
		D356223B1B8E0981005BA000 /* Sources */ = {
			isa = PBXSourcesBuildPhase;
			buildActionMask = 2147483647;
			files = (
				9E0C30D51BAF020A00A185FD /* GameViewController.swift in Sources */,
				9E0C30DB1BAF06F200A185FD /* PieceStatus.swift in Sources */,
				9E0C30D31BAF020A00A185FD /* GameScene.swift in Sources */,
				9E0C30CF1BAF01C200A185FD /* UILayerView.swift in Sources */,
				9E0C30D91BAF06F200A185FD /* OralPieceMap.swift in Sources */,
				D35622451B8E0981005BA000 /* AppDelegate.swift in Sources */,
				D3EF66381B8F635100BB36A5 /* MenuViewController.swift in Sources */,
			);
			runOnlyForDeploymentPostprocessing = 0;
		};
		D35622541B8E0981005BA000 /* Sources */ = {
			isa = PBXSourcesBuildPhase;
			buildActionMask = 2147483647;
			files = (
				9E0C30D61BAF020A00A185FD /* GameViewController.swift in Sources */,
				9E0C30DC1BAF06F200A185FD /* PieceStatus.swift in Sources */,
				9E0C30D41BAF020A00A185FD /* GameScene.swift in Sources */,
				D356225F1B8E0981005BA000 /* OralWarTests.swift in Sources */,
				9E0C30DA1BAF06F200A185FD /* OralPieceMap.swift in Sources */,
				9E0C30D01BAF01C200A185FD /* UILayerView.swift in Sources */,
				D3EF66391B8F635100BB36A5 /* MenuViewController.swift in Sources */,
			);
			runOnlyForDeploymentPostprocessing = 0;
		};
/* End PBXSourcesBuildPhase section */

/* Begin PBXTargetDependency section */
		D356225A1B8E0981005BA000 /* PBXTargetDependency */ = {
			isa = PBXTargetDependency;
			target = D356223E1B8E0981005BA000 /* OralWar */;
			targetProxy = D35622591B8E0981005BA000 /* PBXContainerItemProxy */;
		};
/* End PBXTargetDependency section */

/* Begin PBXVariantGroup section */
		D356224C1B8E0981005BA000 /* Main.storyboard */ = {
			isa = PBXVariantGroup;
			children = (
				D356224D1B8E0981005BA000 /* Base */,
			);
			name = Main.storyboard;
			sourceTree = "<group>";
		};
		D35622511B8E0981005BA000 /* LaunchScreen.xib */ = {
			isa = PBXVariantGroup;
			children = (
				D35622521B8E0981005BA000 /* Base */,
			);
			name = LaunchScreen.xib;
			sourceTree = "<group>";
		};
/* End PBXVariantGroup section */

/* Begin XCBuildConfiguration section */
		D35622601B8E0981005BA000 /* Debug */ = {
			isa = XCBuildConfiguration;
			buildSettings = {
				ALWAYS_SEARCH_USER_PATHS = NO;
				CLANG_CXX_LANGUAGE_STANDARD = "gnu++0x";
				CLANG_CXX_LIBRARY = "libc++";
				CLANG_ENABLE_MODULES = YES;
				CLANG_ENABLE_OBJC_ARC = YES;
				CLANG_WARN_BOOL_CONVERSION = YES;
				CLANG_WARN_CONSTANT_CONVERSION = YES;
				CLANG_WARN_DIRECT_OBJC_ISA_USAGE = YES_ERROR;
				CLANG_WARN_EMPTY_BODY = YES;
				CLANG_WARN_ENUM_CONVERSION = YES;
				CLANG_WARN_INT_CONVERSION = YES;
				CLANG_WARN_OBJC_ROOT_CLASS = YES_ERROR;
				CLANG_WARN_UNREACHABLE_CODE = YES;
				CLANG_WARN__DUPLICATE_METHOD_MATCH = YES;
				"CODE_SIGN_IDENTITY[sdk=iphoneos*]" = "iPhone Developer";
				COPY_PHASE_STRIP = NO;
				DEBUG_INFORMATION_FORMAT = "dwarf-with-dsym";
				ENABLE_STRICT_OBJC_MSGSEND = YES;
				GCC_C_LANGUAGE_STANDARD = gnu99;
				GCC_DYNAMIC_NO_PIC = NO;
				GCC_NO_COMMON_BLOCKS = YES;
				GCC_OPTIMIZATION_LEVEL = 0;
				GCC_PREPROCESSOR_DEFINITIONS = (
					"DEBUG=1",
					"$(inherited)",
				);
				GCC_SYMBOLS_PRIVATE_EXTERN = NO;
				GCC_WARN_64_TO_32_BIT_CONVERSION = YES;
				GCC_WARN_ABOUT_RETURN_TYPE = YES_ERROR;
				GCC_WARN_UNDECLARED_SELECTOR = YES;
				GCC_WARN_UNINITIALIZED_AUTOS = YES_AGGRESSIVE;
				GCC_WARN_UNUSED_FUNCTION = YES;
				GCC_WARN_UNUSED_VARIABLE = YES;
				IPHONEOS_DEPLOYMENT_TARGET = 8.4;
				MTL_ENABLE_DEBUG_INFO = YES;
				ONLY_ACTIVE_ARCH = YES;
				SDKROOT = iphoneos;
				SWIFT_OPTIMIZATION_LEVEL = "-Onone";
				TARGETED_DEVICE_FAMILY = "1,2";
			};
			name = Debug;
		};
		D35622611B8E0981005BA000 /* Release */ = {
			isa = XCBuildConfiguration;
			buildSettings = {
				ALWAYS_SEARCH_USER_PATHS = NO;
				CLANG_CXX_LANGUAGE_STANDARD = "gnu++0x";
				CLANG_CXX_LIBRARY = "libc++";
				CLANG_ENABLE_MODULES = YES;
				CLANG_ENABLE_OBJC_ARC = YES;
				CLANG_WARN_BOOL_CONVERSION = YES;
				CLANG_WARN_CONSTANT_CONVERSION = YES;
				CLANG_WARN_DIRECT_OBJC_ISA_USAGE = YES_ERROR;
				CLANG_WARN_EMPTY_BODY = YES;
				CLANG_WARN_ENUM_CONVERSION = YES;
				CLANG_WARN_INT_CONVERSION = YES;
				CLANG_WARN_OBJC_ROOT_CLASS = YES_ERROR;
				CLANG_WARN_UNREACHABLE_CODE = YES;
				CLANG_WARN__DUPLICATE_METHOD_MATCH = YES;
				"CODE_SIGN_IDENTITY[sdk=iphoneos*]" = "iPhone Developer";
				COPY_PHASE_STRIP = NO;
				DEBUG_INFORMATION_FORMAT = "dwarf-with-dsym";
				ENABLE_NS_ASSERTIONS = NO;
				ENABLE_STRICT_OBJC_MSGSEND = YES;
				GCC_C_LANGUAGE_STANDARD = gnu99;
				GCC_NO_COMMON_BLOCKS = YES;
				GCC_WARN_64_TO_32_BIT_CONVERSION = YES;
				GCC_WARN_ABOUT_RETURN_TYPE = YES_ERROR;
				GCC_WARN_UNDECLARED_SELECTOR = YES;
				GCC_WARN_UNINITIALIZED_AUTOS = YES_AGGRESSIVE;
				GCC_WARN_UNUSED_FUNCTION = YES;
				GCC_WARN_UNUSED_VARIABLE = YES;
				IPHONEOS_DEPLOYMENT_TARGET = 8.4;
				MTL_ENABLE_DEBUG_INFO = NO;
				SDKROOT = iphoneos;
				TARGETED_DEVICE_FAMILY = "1,2";
				VALIDATE_PRODUCT = YES;
			};
			name = Release;
		};
		D35622631B8E0981005BA000 /* Debug */ = {
			isa = XCBuildConfiguration;
			buildSettings = {
				ASSETCATALOG_COMPILER_APPICON_NAME = AppIcon;
				GCC_SYMBOLS_PRIVATE_EXTERN = YES;
				INFOPLIST_FILE = OralWar/Info.plist;
				LD_RUNPATH_SEARCH_PATHS = "$(inherited) @executable_path/Frameworks";
				PRODUCT_NAME = "$(TARGET_NAME)";
			};
			name = Debug;
		};
		D35622641B8E0981005BA000 /* Release */ = {
			isa = XCBuildConfiguration;
			buildSettings = {
				ASSETCATALOG_COMPILER_APPICON_NAME = AppIcon;
				GCC_SYMBOLS_PRIVATE_EXTERN = YES;
				INFOPLIST_FILE = OralWar/Info.plist;
				LD_RUNPATH_SEARCH_PATHS = "$(inherited) @executable_path/Frameworks";
				PRODUCT_NAME = "$(TARGET_NAME)";
			};
			name = Release;
		};
		D35622661B8E0981005BA000 /* Debug */ = {
			isa = XCBuildConfiguration;
			buildSettings = {
				BUNDLE_LOADER = "$(TEST_HOST)";
				FRAMEWORK_SEARCH_PATHS = (
					"$(SDKROOT)/Developer/Library/Frameworks",
					"$(inherited)",
				);
				GCC_PREPROCESSOR_DEFINITIONS = (
					"DEBUG=1",
					"$(inherited)",
				);
				INFOPLIST_FILE = OralWarTests/Info.plist;
				LD_RUNPATH_SEARCH_PATHS = "$(inherited) @executable_path/Frameworks @loader_path/Frameworks";
				PRODUCT_NAME = "$(TARGET_NAME)";
				TEST_HOST = "$(BUILT_PRODUCTS_DIR)/OralWar.app/OralWar";
			};
			name = Debug;
		};
		D35622671B8E0981005BA000 /* Release */ = {
			isa = XCBuildConfiguration;
			buildSettings = {
				BUNDLE_LOADER = "$(TEST_HOST)";
				FRAMEWORK_SEARCH_PATHS = (
					"$(SDKROOT)/Developer/Library/Frameworks",
					"$(inherited)",
				);
				INFOPLIST_FILE = OralWarTests/Info.plist;
				LD_RUNPATH_SEARCH_PATHS = "$(inherited) @executable_path/Frameworks @loader_path/Frameworks";
				PRODUCT_NAME = "$(TARGET_NAME)";
				TEST_HOST = "$(BUILT_PRODUCTS_DIR)/OralWar.app/OralWar";
			};
			name = Release;
		};
/* End XCBuildConfiguration section */

/* Begin XCConfigurationList section */
		D356223A1B8E0981005BA000 /* Build configuration list for PBXProject "OralWar" */ = {
			isa = XCConfigurationList;
			buildConfigurations = (
				D35622601B8E0981005BA000 /* Debug */,
				D35622611B8E0981005BA000 /* Release */,
			);
			defaultConfigurationIsVisible = 0;
			defaultConfigurationName = Release;
		};
		D35622621B8E0981005BA000 /* Build configuration list for PBXNativeTarget "OralWar" */ = {
			isa = XCConfigurationList;
			buildConfigurations = (
				D35622631B8E0981005BA000 /* Debug */,
				D35622641B8E0981005BA000 /* Release */,
			);
			defaultConfigurationIsVisible = 0;
			defaultConfigurationName = Release;
		};
		D35622651B8E0981005BA000 /* Build configuration list for PBXNativeTarget "OralWarTests" */ = {
			isa = XCConfigurationList;
			buildConfigurations = (
				D35622661B8E0981005BA000 /* Debug */,
				D35622671B8E0981005BA000 /* Release */,
			);
			defaultConfigurationIsVisible = 0;
			defaultConfigurationName = Release;
		};
/* End XCConfigurationList section */
	};
	rootObject = D35622371B8E0981005BA000 /* Project object */;
}
