// !$*UTF8*$!
{
	archiveVersion = 1;
	classes = {
	};
	objectVersion = 46;
	objects = {

/* Begin PBXBuildFile section */
		D35622451B8E0981005BA000 /* AppDelegate.swift in Sources */ = {isa = PBXBuildFile; fileRef = D35622441B8E0981005BA000 /* AppDelegate.swift */; };
		D35622491B8E0981005BA000 /* GameScene.swift in Sources */ = {isa = PBXBuildFile; fileRef = D35622481B8E0981005BA000 /* GameScene.swift */; };
		D356224B1B8E0981005BA000 /* GameViewController.swift in Sources */ = {isa = PBXBuildFile; fileRef = D356224A1B8E0981005BA000 /* GameViewController.swift */; };
		D356224E1B8E0981005BA000 /* Main.storyboard in Resources */ = {isa = PBXBuildFile; fileRef = D356224C1B8E0981005BA000 /* Main.storyboard */; };
		D35622501B8E0981005BA000 /* Images.xcassets in Resources */ = {isa = PBXBuildFile; fileRef = D356224F1B8E0981005BA000 /* Images.xcassets */; };
		D35622531B8E0981005BA000 /* LaunchScreen.xib in Resources */ = {isa = PBXBuildFile; fileRef = D35622511B8E0981005BA000 /* LaunchScreen.xib */; };
		D356225F1B8E0981005BA000 /* OralWarTests.swift in Sources */ = {isa = PBXBuildFile; fileRef = D356225E1B8E0981005BA000 /* OralWarTests.swift */; };
		D3C0B57D1BA07CBB001C462D /* menu.css in Resources */ = {isa = PBXBuildFile; fileRef = D3C0B57C1BA07CBB001C462D /* menu.css */; };
		D3C0B5801BA07EB5001C462D /* menu.js in Resources */ = {isa = PBXBuildFile; fileRef = D3C0B57F1BA07EB5001C462D /* menu.js */; };
		D3C9FC271B9F263300C5997E /* OralPieceMap.swift in Sources */ = {isa = PBXBuildFile; fileRef = D3C9FC261B9F263300C5997E /* OralPieceMap.swift */; };
		D3C9FC291B9F2B4900C5997E /* menu.html in Resources */ = {isa = PBXBuildFile; fileRef = D3C9FC281B9F2B4900C5997E /* menu.html */; };
		D3D39F071B93665B0088A55F /* PieceStatus.swift in Sources */ = {isa = PBXBuildFile; fileRef = D3D39F061B93665B0088A55F /* PieceStatus.swift */; };
		D3E85CB41BA45F8C00C244A7 /* bacterialist.html in Resources */ = {isa = PBXBuildFile; fileRef = D3E85CB31BA45F8C00C244A7 /* bacterialist.html */; };
		D3E85CB71BA467AC00C244A7 /* itemlist.html in Resources */ = {isa = PBXBuildFile; fileRef = D3E85CB61BA467AC00C244A7 /* itemlist.html */; };
		D3EF66381B8F635100BB36A5 /* MenuViewController.swift in Sources */ = {isa = PBXBuildFile; fileRef = D3EF66371B8F635100BB36A5 /* MenuViewController.swift */; };
		D3EF66391B8F635100BB36A5 /* MenuViewController.swift in Sources */ = {isa = PBXBuildFile; fileRef = D3EF66371B8F635100BB36A5 /* MenuViewController.swift */; };
/* End PBXBuildFile section */

/* Begin PBXContainerItemProxy section */
		D35622591B8E0981005BA000 /* PBXContainerItemProxy */ = {
			isa = PBXContainerItemProxy;
			containerPortal = D35622371B8E0981005BA000 /* Project object */;
			proxyType = 1;
			remoteGlobalIDString = D356223E1B8E0981005BA000;
			remoteInfo = OralWar;
		};
/* End PBXContainerItemProxy section */

/* Begin PBXFileReference section */
		D356223F1B8E0981005BA000 /* OralWar.app */ = {isa = PBXFileReference; explicitFileType = wrapper.application; includeInIndex = 0; path = OralWar.app; sourceTree = BUILT_PRODUCTS_DIR; };
		D35622431B8E0981005BA000 /* Info.plist */ = {isa = PBXFileReference; lastKnownFileType = text.plist.xml; path = Info.plist; sourceTree = "<group>"; };
		D35622441B8E0981005BA000 /* AppDelegate.swift */ = {isa = PBXFileReference; lastKnownFileType = sourcecode.swift; path = AppDelegate.swift; sourceTree = "<group>"; };
		D35622481B8E0981005BA000 /* GameScene.swift */ = {isa = PBXFileReference; lastKnownFileType = sourcecode.swift; path = GameScene.swift; sourceTree = "<group>"; };
		D356224A1B8E0981005BA000 /* GameViewController.swift */ = {isa = PBXFileReference; lastKnownFileType = sourcecode.swift; path = GameViewController.swift; sourceTree = "<group>"; };
		D356224D1B8E0981005BA000 /* Base */ = {isa = PBXFileReference; lastKnownFileType = file.storyboard; name = Base; path = Base.lproj/Main.storyboard; sourceTree = "<group>"; };
		D356224F1B8E0981005BA000 /* Images.xcassets */ = {isa = PBXFileReference; lastKnownFileType = folder.assetcatalog; path = Images.xcassets; sourceTree = "<group>"; };
		D35622521B8E0981005BA000 /* Base */ = {isa = PBXFileReference; lastKnownFileType = file.xib; name = Base; path = Base.lproj/LaunchScreen.xib; sourceTree = "<group>"; };
		D35622581B8E0981005BA000 /* OralWarTests.xctest */ = {isa = PBXFileReference; explicitFileType = wrapper.cfbundle; includeInIndex = 0; path = OralWarTests.xctest; sourceTree = BUILT_PRODUCTS_DIR; };
		D356225D1B8E0981005BA000 /* Info.plist */ = {isa = PBXFileReference; lastKnownFileType = text.plist.xml; path = Info.plist; sourceTree = "<group>"; };
		D356225E1B8E0981005BA000 /* OralWarTests.swift */ = {isa = PBXFileReference; lastKnownFileType = sourcecode.swift; path = OralWarTests.swift; sourceTree = "<group>"; };
		D3C0B57C1BA07CBB001C462D /* menu.css */ = {isa = PBXFileReference; fileEncoding = 4; lastKnownFileType = text.css; path = menu.css; sourceTree = "<group>"; };
		D3C0B57F1BA07EB5001C462D /* menu.js */ = {isa = PBXFileReference; fileEncoding = 4; lastKnownFileType = sourcecode.javascript; path = menu.js; sourceTree = "<group>"; };
		D3C9FC261B9F263300C5997E /* OralPieceMap.swift */ = {isa = PBXFileReference; fileEncoding = 4; lastKnownFileType = sourcecode.swift; path = OralPieceMap.swift; sourceTree = "<group>"; };
		D3C9FC281B9F2B4900C5997E /* menu.html */ = {isa = PBXFileReference; fileEncoding = 4; lastKnownFileType = text.html; path = menu.html; sourceTree = "<group>"; };
		D3D39F061B93665B0088A55F /* PieceStatus.swift */ = {isa = PBXFileReference; fileEncoding = 4; lastKnownFileType = sourcecode.swift; path = PieceStatus.swift; sourceTree = "<group>"; };
		D3E85CB31BA45F8C00C244A7 /* bacterialist.html */ = {isa = PBXFileReference; fileEncoding = 4; lastKnownFileType = text.html; path = bacterialist.html; sourceTree = "<group>"; };
		D3E85CB61BA467AC00C244A7 /* itemlist.html */ = {isa = PBXFileReference; fileEncoding = 4; lastKnownFileType = text.html; path = itemlist.html; sourceTree = "<group>"; };
		D3EF66371B8F635100BB36A5 /* MenuViewController.swift */ = {isa = PBXFileReference; fileEncoding = 4; lastKnownFileType = sourcecode.swift; path = MenuViewController.swift; sourceTree = "<group>"; };
/* End PBXFileReference section */

/* Begin PBXFrameworksBuildPhase section */
		D356223C1B8E0981005BA000 /* Frameworks */ = {
			isa = PBXFrameworksBuildPhase;
			buildActionMask = 2147483647;
			files = (
			);
			runOnlyForDeploymentPostprocessing = 0;
		};
		D35622551B8E0981005BA000 /* Frameworks */ = {
			isa = PBXFrameworksBuildPhase;
			buildActionMask = 2147483647;
			files = (
			);
			runOnlyForDeploymentPostprocessing = 0;
		};
/* End PBXFrameworksBuildPhase section */

/* Begin PBXGroup section */
		D35622361B8E0981005BA000 = {
			isa = PBXGroup;
			children = (
				D35622411B8E0981005BA000 /* OralWar */,
				D356225B1B8E0981005BA000 /* OralWarTests */,
				D35622401B8E0981005BA000 /* Products */,
			);
			sourceTree = "<group>";
		};
		D35622401B8E0981005BA000 /* Products */ = {
			isa = PBXGroup;
			children = (
				D356223F1B8E0981005BA000 /* OralWar.app */,
				D35622581B8E0981005BA000 /* OralWarTests.xctest */,
			);
			name = Products;
			sourceTree = "<group>";
		};
		D35622411B8E0981005BA000 /* OralWar */ = {
			isa = PBXGroup;
			children = (
				D3D39F051B93662F0088A55F /* System */,
				D3EF663A1B8F63F700BB36A5 /* Game */,
				D35622441B8E0981005BA000 /* AppDelegate.swift */,
				D3EF66371B8F635100BB36A5 /* MenuViewController.swift */,
				D356224C1B8E0981005BA000 /* Main.storyboard */,
				D356224F1B8E0981005BA000 /* Images.xcassets */,
				D35622511B8E0981005BA000 /* LaunchScreen.xib */,
				D35622421B8E0981005BA000 /* Supporting Files */,
			);
			path = OralWar;
			sourceTree = "<group>";
		};
		D35622421B8E0981005BA000 /* Supporting Files */ = {
			isa = PBXGroup;
			children = (
				D3C0B57B1BA07C40001C462D /* html */,
				D35622431B8E0981005BA000 /* Info.plist */,
			);
			name = "Supporting Files";
			sourceTree = "<group>";
		};
		D356225B1B8E0981005BA000 /* OralWarTests */ = {
			isa = PBXGroup;
			children = (
				D356225E1B8E0981005BA000 /* OralWarTests.swift */,
				D356225C1B8E0981005BA000 /* Supporting Files */,
			);
			path = OralWarTests;
			sourceTree = "<group>";
		};
		D356225C1B8E0981005BA000 /* Supporting Files */ = {
			isa = PBXGroup;
			children = (
				D356225D1B8E0981005BA000 /* Info.plist */,
			);
			name = "Supporting Files";
			sourceTree = "<group>";
		};
		D3C0B57B1BA07C40001C462D /* html */ = {
			isa = PBXGroup;
			children = (
				D3C0B57E1BA07E8C001C462D /* menu */,
				D3E85CB21BA45F4400C244A7 /* bacterialist */,
				D3E85CB51BA4679900C244A7 /* itemlist */,
			);
			name = html;
			sourceTree = "<group>";
		};
		D3C0B57E1BA07E8C001C462D /* menu */ = {
			isa = PBXGroup;
			children = (
				D3C9FC281B9F2B4900C5997E /* menu.html */,
				D3C0B57C1BA07CBB001C462D /* menu.css */,
				D3C0B57F1BA07EB5001C462D /* menu.js */,
			);
			name = menu;
			sourceTree = "<group>";
		};
		D3D39F051B93662F0088A55F /* System */ = {
			isa = PBXGroup;
			children = (
				D3D39F061B93665B0088A55F /* PieceStatus.swift */,
				D3C9FC261B9F263300C5997E /* OralPieceMap.swift */,
			);
			name = System;
			sourceTree = "<group>";
		};
		D3E85CB21BA45F4400C244A7 /* bacterialist */ = {
			isa = PBXGroup;
			children = (
				D3E85CB31BA45F8C00C244A7 /* bacterialist.html */,
			);
			name = bacterialist;
			sourceTree = "<group>";
		};
		D3E85CB51BA4679900C244A7 /* itemlist */ = {
			isa = PBXGroup;
			children = (
				D3E85CB61BA467AC00C244A7 /* itemlist.html */,
			);
			name = itemlist;
			sourceTree = "<group>";
		};
		D3EF663A1B8F63F700BB36A5 /* Game */ = {
			isa = PBXGroup;
			children = (
				D356224A1B8E0981005BA000 /* GameViewController.swift */,
				D35622481B8E0981005BA000 /* GameScene.swift */,
			);
			name = Game;
			sourceTree = "<group>";
		};
/* End PBXGroup section */

/* Begin PBXNativeTarget section */
		D356223E1B8E0981005BA000 /* OralWar */ = {
			isa = PBXNativeTarget;
			buildConfigurationList = D35622621B8E0981005BA000 /* Build configuration list for PBXNativeTarget "OralWar" */;
			buildPhases = (
				D356223B1B8E0981005BA000 /* Sources */,
				D356223C1B8E0981005BA000 /* Frameworks */,
				D356223D1B8E0981005BA000 /* Resources */,
			);
			buildRules = (
			);
			dependencies = (
			);
			name = OralWar;
			productName = OralWar;
			productReference = D356223F1B8E0981005BA000 /* OralWar.app */;
			productType = "com.apple.product-type.application";
		};
		D35622571B8E0981005BA000 /* OralWarTests */ = {
			isa = PBXNativeTarget;
			buildConfigurationList = D35622651B8E0981005BA000 /* Build configuration list for PBXNativeTarget "OralWarTests" */;
			buildPhases = (
				D35622541B8E0981005BA000 /* Sources */,
				D35622551B8E0981005BA000 /* Frameworks */,
				D35622561B8E0981005BA000 /* Resources */,
			);
			buildRules = (
			);
			dependencies = (
				D356225A1B8E0981005BA000 /* PBXTargetDependency */,
			);
			name = OralWarTests;
			productName = OralWarTests;
			productReference = D35622581B8E0981005BA000 /* OralWarTests.xctest */;
			productType = "com.apple.product-type.bundle.unit-test";
		};
/* End PBXNativeTarget section */

/* Begin PBXProject section */
		D35622371B8E0981005BA000 /* Project object */ = {
			isa = PBXProject;
			attributes = {
				LastUpgradeCheck = 0640;
				ORGANIZATIONNAME = MrSmall;
				TargetAttributes = {
					D356223E1B8E0981005BA000 = {
						CreatedOnToolsVersion = 6.4;
					};
					D35622571B8E0981005BA000 = {
						CreatedOnToolsVersion = 6.4;
						TestTargetID = D356223E1B8E0981005BA000;
					};
				};
			};
			buildConfigurationList = D356223A1B8E0981005BA000 /* Build configuration list for PBXProject "OralWar" */;
			compatibilityVersion = "Xcode 3.2";
			developmentRegion = English;
			hasScannedForEncodings = 0;
			knownRegions = (
				en,
				Base,
			);
			mainGroup = D35622361B8E0981005BA000;
			productRefGroup = D35622401B8E0981005BA000 /* Products */;
			projectDirPath = "";
			projectRoot = "";
			targets = (
				D356223E1B8E0981005BA000 /* OralWar */,
				D35622571B8E0981005BA000 /* OralWarTests */,
			);
		};
/* End PBXProject section */

/* Begin PBXResourcesBuildPhase section */
		D356223D1B8E0981005BA000 /* Resources */ = {
			isa = PBXResourcesBuildPhase;
			buildActionMask = 2147483647;
			files = (
				D35622531B8E0981005BA000 /* LaunchScreen.xib in Resources */,
				D3C0B57D1BA07CBB001C462D /* menu.css in Resources */,
				D3C9FC291B9F2B4900C5997E /* menu.html in Resources */,
				D3E85CB71BA467AC00C244A7 /* itemlist.html in Resources */,
				D3E85CB41BA45F8C00C244A7 /* bacterialist.html in Resources */,
				D3C0B5801BA07EB5001C462D /* menu.js in Resources */,
				D35622501B8E0981005BA000 /* Images.xcassets in Resources */,
				D356224E1B8E0981005BA000 /* Main.storyboard in Resources */,
			);
			runOnlyForDeploymentPostprocessing = 0;
		};
		D35622561B8E0981005BA000 /* Resources */ = {
			isa = PBXResourcesBuildPhase;
			buildActionMask = 2147483647;
			files = (
			);
			runOnlyForDeploymentPostprocessing = 0;
		};
/* End PBXResourcesBuildPhase section */

/* Begin PBXSourcesBuildPhase section */
		D356223B1B8E0981005BA000 /* Sources */ = {
			isa = PBXSourcesBuildPhase;
			buildActionMask = 2147483647;
			files = (
				D35622491B8E0981005BA000 /* GameScene.swift in Sources */,
				D3D39F071B93665B0088A55F /* PieceStatus.swift in Sources */,
				D356224B1B8E0981005BA000 /* GameViewController.swift in Sources */,
				D3C9FC271B9F263300C5997E /* OralPieceMap.swift in Sources */,
				D35622451B8E0981005BA000 /* AppDelegate.swift in Sources */,
				D3EF66381B8F635100BB36A5 /* MenuViewController.swift in Sources */,
			);
			runOnlyForDeploymentPostprocessing = 0;
		};
		D35622541B8E0981005BA000 /* Sources */ = {
			isa = PBXSourcesBuildPhase;
			buildActionMask = 2147483647;
			files = (
				D356225F1B8E0981005BA000 /* OralWarTests.swift in Sources */,
				D3EF66391B8F635100BB36A5 /* MenuViewController.swift in Sources */,
			);
			runOnlyForDeploymentPostprocessing = 0;
		};
/* End PBXSourcesBuildPhase section */

/* Begin PBXTargetDependency section */
		D356225A1B8E0981005BA000 /* PBXTargetDependency */ = {
			isa = PBXTargetDependency;
			target = D356223E1B8E0981005BA000 /* OralWar */;
			targetProxy = D35622591B8E0981005BA000 /* PBXContainerItemProxy */;
		};
/* End PBXTargetDependency section */

/* Begin PBXVariantGroup section */
		D356224C1B8E0981005BA000 /* Main.storyboard */ = {
			isa = PBXVariantGroup;
			children = (
				D356224D1B8E0981005BA000 /* Base */,
			);
			name = Main.storyboard;
			sourceTree = "<group>";
		};
		D35622511B8E0981005BA000 /* LaunchScreen.xib */ = {
			isa = PBXVariantGroup;
			children = (
				D35622521B8E0981005BA000 /* Base */,
			);
			name = LaunchScreen.xib;
			sourceTree = "<group>";
		};
/* End PBXVariantGroup section */

/* Begin XCBuildConfiguration section */
		D35622601B8E0981005BA000 /* Debug */ = {
			isa = XCBuildConfiguration;
			buildSettings = {
				ALWAYS_SEARCH_USER_PATHS = NO;
				CLANG_CXX_LANGUAGE_STANDARD = "gnu++0x";
				CLANG_CXX_LIBRARY = "libc++";
				CLANG_ENABLE_MODULES = YES;
				CLANG_ENABLE_OBJC_ARC = YES;
				CLANG_WARN_BOOL_CONVERSION = YES;
				CLANG_WARN_CONSTANT_CONVERSION = YES;
				CLANG_WARN_DIRECT_OBJC_ISA_USAGE = YES_ERROR;
				CLANG_WARN_EMPTY_BODY = YES;
				CLANG_WARN_ENUM_CONVERSION = YES;
				CLANG_WARN_INT_CONVERSION = YES;
				CLANG_WARN_OBJC_ROOT_CLASS = YES_ERROR;
				CLANG_WARN_UNREACHABLE_CODE = YES;
				CLANG_WARN__DUPLICATE_METHOD_MATCH = YES;
				"CODE_SIGN_IDENTITY[sdk=iphoneos*]" = "iPhone Developer";
				COPY_PHASE_STRIP = NO;
				DEBUG_INFORMATION_FORMAT = "dwarf-with-dsym";
				ENABLE_STRICT_OBJC_MSGSEND = YES;
				GCC_C_LANGUAGE_STANDARD = gnu99;
				GCC_DYNAMIC_NO_PIC = NO;
				GCC_NO_COMMON_BLOCKS = YES;
				GCC_OPTIMIZATION_LEVEL = 0;
				GCC_PREPROCESSOR_DEFINITIONS = (
					"DEBUG=1",
					"$(inherited)",
				);
				GCC_SYMBOLS_PRIVATE_EXTERN = NO;
				GCC_WARN_64_TO_32_BIT_CONVERSION = YES;
				GCC_WARN_ABOUT_RETURN_TYPE = YES_ERROR;
				GCC_WARN_UNDECLARED_SELECTOR = YES;
				GCC_WARN_UNINITIALIZED_AUTOS = YES_AGGRESSIVE;
				GCC_WARN_UNUSED_FUNCTION = YES;
				GCC_WARN_UNUSED_VARIABLE = YES;
				IPHONEOS_DEPLOYMENT_TARGET = 8.4;
				MTL_ENABLE_DEBUG_INFO = YES;
				ONLY_ACTIVE_ARCH = YES;
				SDKROOT = iphoneos;
				SWIFT_OPTIMIZATION_LEVEL = "-Onone";
				TARGETED_DEVICE_FAMILY = "1,2";
			};
			name = Debug;
		};
		D35622611B8E0981005BA000 /* Release */ = {
			isa = XCBuildConfiguration;
			buildSettings = {
				ALWAYS_SEARCH_USER_PATHS = NO;
				CLANG_CXX_LANGUAGE_STANDARD = "gnu++0x";
				CLANG_CXX_LIBRARY = "libc++";
				CLANG_ENABLE_MODULES = YES;
				CLANG_ENABLE_OBJC_ARC = YES;
				CLANG_WARN_BOOL_CONVERSION = YES;
				CLANG_WARN_CONSTANT_CONVERSION = YES;
				CLANG_WARN_DIRECT_OBJC_ISA_USAGE = YES_ERROR;
				CLANG_WARN_EMPTY_BODY = YES;
				CLANG_WARN_ENUM_CONVERSION = YES;
				CLANG_WARN_INT_CONVERSION = YES;
				CLANG_WARN_OBJC_ROOT_CLASS = YES_ERROR;
				CLANG_WARN_UNREACHABLE_CODE = YES;
				CLANG_WARN__DUPLICATE_METHOD_MATCH = YES;
				"CODE_SIGN_IDENTITY[sdk=iphoneos*]" = "iPhone Developer";
				COPY_PHASE_STRIP = NO;
				DEBUG_INFORMATION_FORMAT = "dwarf-with-dsym";
				ENABLE_NS_ASSERTIONS = NO;
				ENABLE_STRICT_OBJC_MSGSEND = YES;
				GCC_C_LANGUAGE_STANDARD = gnu99;
				GCC_NO_COMMON_BLOCKS = YES;
				GCC_WARN_64_TO_32_BIT_CONVERSION = YES;
				GCC_WARN_ABOUT_RETURN_TYPE = YES_ERROR;
				GCC_WARN_UNDECLARED_SELECTOR = YES;
				GCC_WARN_UNINITIALIZED_AUTOS = YES_AGGRESSIVE;
				GCC_WARN_UNUSED_FUNCTION = YES;
				GCC_WARN_UNUSED_VARIABLE = YES;
				IPHONEOS_DEPLOYMENT_TARGET = 8.4;
				MTL_ENABLE_DEBUG_INFO = NO;
				SDKROOT = iphoneos;
				TARGETED_DEVICE_FAMILY = "1,2";
				VALIDATE_PRODUCT = YES;
			};
			name = Release;
		};
		D35622631B8E0981005BA000 /* Debug */ = {
			isa = XCBuildConfiguration;
			buildSettings = {
				ASSETCATALOG_COMPILER_APPICON_NAME = AppIcon;
				GCC_SYMBOLS_PRIVATE_EXTERN = YES;
				INFOPLIST_FILE = OralWar/Info.plist;
				LD_RUNPATH_SEARCH_PATHS = "$(inherited) @executable_path/Frameworks";
				PRODUCT_NAME = "$(TARGET_NAME)";
			};
			name = Debug;
		};
		D35622641B8E0981005BA000 /* Release */ = {
			isa = XCBuildConfiguration;
			buildSettings = {
				ASSETCATALOG_COMPILER_APPICON_NAME = AppIcon;
				GCC_SYMBOLS_PRIVATE_EXTERN = YES;
				INFOPLIST_FILE = OralWar/Info.plist;
				LD_RUNPATH_SEARCH_PATHS = "$(inherited) @executable_path/Frameworks";
				PRODUCT_NAME = "$(TARGET_NAME)";
			};
			name = Release;
		};
		D35622661B8E0981005BA000 /* Debug */ = {
			isa = XCBuildConfiguration;
			buildSettings = {
				BUNDLE_LOADER = "$(TEST_HOST)";
				FRAMEWORK_SEARCH_PATHS = (
					"$(SDKROOT)/Developer/Library/Frameworks",
					"$(inherited)",
				);
				GCC_PREPROCESSOR_DEFINITIONS = (
					"DEBUG=1",
					"$(inherited)",
				);
				INFOPLIST_FILE = OralWarTests/Info.plist;
				LD_RUNPATH_SEARCH_PATHS = "$(inherited) @executable_path/Frameworks @loader_path/Frameworks";
				PRODUCT_NAME = "$(TARGET_NAME)";
				TEST_HOST = "$(BUILT_PRODUCTS_DIR)/OralWar.app/OralWar";
			};
			name = Debug;
		};
		D35622671B8E0981005BA000 /* Release */ = {
			isa = XCBuildConfiguration;
			buildSettings = {
				BUNDLE_LOADER = "$(TEST_HOST)";
				FRAMEWORK_SEARCH_PATHS = (
					"$(SDKROOT)/Developer/Library/Frameworks",
					"$(inherited)",
				);
				INFOPLIST_FILE = OralWarTests/Info.plist;
				LD_RUNPATH_SEARCH_PATHS = "$(inherited) @executable_path/Frameworks @loader_path/Frameworks";
				PRODUCT_NAME = "$(TARGET_NAME)";
				TEST_HOST = "$(BUILT_PRODUCTS_DIR)/OralWar.app/OralWar";
			};
			name = Release;
		};
/* End XCBuildConfiguration section */

/* Begin XCConfigurationList section */
		D356223A1B8E0981005BA000 /* Build configuration list for PBXProject "OralWar" */ = {
			isa = XCConfigurationList;
			buildConfigurations = (
				D35622601B8E0981005BA000 /* Debug */,
				D35622611B8E0981005BA000 /* Release */,
			);
			defaultConfigurationIsVisible = 0;
			defaultConfigurationName = Release;
		};
		D35622621B8E0981005BA000 /* Build configuration list for PBXNativeTarget "OralWar" */ = {
			isa = XCConfigurationList;
			buildConfigurations = (
				D35622631B8E0981005BA000 /* Debug */,
				D35622641B8E0981005BA000 /* Release */,
			);
			defaultConfigurationIsVisible = 0;
			defaultConfigurationName = Release;
		};
		D35622651B8E0981005BA000 /* Build configuration list for PBXNativeTarget "OralWarTests" */ = {
			isa = XCConfigurationList;
			buildConfigurations = (
				D35622661B8E0981005BA000 /* Debug */,
				D35622671B8E0981005BA000 /* Release */,
			);
			defaultConfigurationIsVisible = 0;
			defaultConfigurationName = Release;
		};
/* End XCConfigurationList section */
	};
	rootObject = D35622371B8E0981005BA000 /* Project object */;
}
